
Microsoft Visual Studio Solution File, Format Version 12.00
# Visual Studio Version 17
VisualStudioVersion = 17.9.34622.214
MinimumVisualStudioVersion = 10.0.40219.1
Project("{FAE04EC0-301F-11D3-BF4B-00C04F79EFBC}") = "kolokwiumRS", "kolokwiumRS\kolokwiumRS.csproj", "{5E2A256E-94CB-408B-ADA2-65F3A139C39A}"
EndProject
Global
	GlobalSection(SolutionConfigurationPlatforms) = preSolution
		Debug|Any CPU = Debug|Any CPU
		Release|Any CPU = Release|Any CPU
	EndGlobalSection
	GlobalSection(ProjectConfigurationPlatforms) = postSolution
		{5E2A256E-94CB-408B-ADA2-65F3A139C39A}.Debug|Any CPU.ActiveCfg = Debug|Any CPU
		{5E2A256E-94CB-408B-ADA2-65F3A139C39A}.Debug|Any CPU.Build.0 = Debug|Any CPU
		{5E2A256E-94CB-408B-ADA2-65F3A139C39A}.Release|Any CPU.ActiveCfg = Release|Any CPU
		{5E2A256E-94CB-408B-ADA2-65F3A139C39A}.Release|Any CPU.Build.0 = Release|Any CPU
	EndGlobalSection
	GlobalSection(SolutionProperties) = preSolution
		HideSolutionNode = FALSE
	EndGlobalSection
	GlobalSection(ExtensibilityGlobals) = postSolution
		SolutionGuid = {B2DEBE20-041E-4EEA-8AE2-2DB033377863}
	EndGlobalSection
EndGlobal
